
Microsoft Visual Studio Solution File, Format Version 9.00
# Visual Studio 2005
Project("{8BC9CEB8-8B4A-11D0-8D11-00A0C91BC942}") = "wemap", "wemap\wemap.vcproj", "{3F4CFB70-7F2D-414B-B754-EA0FBF06AADA}"
EndProject
Project("{8BC9CEB8-8B4A-11D0-8D11-00A0C91BC942}") = "rotate", "..\CID_GUI\rotate\rotate.vcproj", "{6216CE44-9471-4B7F-AF69-ED9325B3D463}"
EndProject
Project("{8BC9CEB8-8B4A-11D0-8D11-00A0C91BC942}") = "ShowNavitel", "ShowNavitel\ShowNavitel.vcproj", "{C962CEE5-C3A4-4DCF-9C0F-5FE27EEDF248}"
EndProject
Project("{8BC9CEB8-8B4A-11D0-8D11-00A0C91BC942}") = "EnumWindows", "EnumWindows\EnumWindows.vcproj", "{D10C9866-AE09-466B-9B6B-9C1F6617B478}"
EndProject
Project("{8BC9CEB8-8B4A-11D0-8D11-00A0C91BC942}") = "CID_GUI", "..\CID_GUI\CID_GUI\CID_GUI.vcproj", "{9DA27E7B-6DE1-4DEC-9EFA-0540DD3AA111}"
EndProject
Project("{8BC9CEB8-8B4A-11D0-8D11-00A0C91BC942}") = "volume_info", "volume_info\volume_info.vcproj", "{85445E38-AD63-4F6C-BBAF-ABD377C64A70}"
EndProject
Project("{8BC9CEB8-8B4A-11D0-8D11-00A0C91BC942}") = "hook_dll", "hook_dll\hook_dll.vcproj", "{2F058598-5F58-4719-AEC0-1C9C62CB1BE7}"
EndProject
Project("{8BC9CEB8-8B4A-11D0-8D11-00A0C91BC942}") = "hook_exe", "hook_exe\hook_exe.vcproj", "{9121335B-98BB-441E-8043-F97CB5BF254F}"
EndProject
Project("{8BC9CEB8-8B4A-11D0-8D11-00A0C91BC942}") = "hardreset", "hardreset\hardreset.vcproj", "{80374606-8C4D-4017-9124-89D2B5CCC277}"
EndProject
Project("{8BC9CEB8-8B4A-11D0-8D11-00A0C91BC942}") = "GPS_READ", "GPS_READ\GPS_READ.vcproj", "{6B5C2686-99F6-43EC-A65C-1398721C5913}"
EndProject
Global
	GlobalSection(SolutionConfigurationPlatforms) = preSolution
		Debug|STANDARDSDK_500 (ARMV4I) = Debug|STANDARDSDK_500 (ARMV4I)
		Debug|STANDARDSDK_500 (MIPSII) = Debug|STANDARDSDK_500 (MIPSII)
		Debug|STANDARDSDK_500 (x86) = Debug|STANDARDSDK_500 (x86)
		Release|STANDARDSDK_500 (ARMV4I) = Release|STANDARDSDK_500 (ARMV4I)
		Release|STANDARDSDK_500 (MIPSII) = Release|STANDARDSDK_500 (MIPSII)
		Release|STANDARDSDK_500 (x86) = Release|STANDARDSDK_500 (x86)
	EndGlobalSection
	GlobalSection(ProjectConfigurationPlatforms) = postSolution
		{3F4CFB70-7F2D-414B-B754-EA0FBF06AADA}.Debug|STANDARDSDK_500 (ARMV4I).ActiveCfg = Debug|STANDARDSDK_500 (ARMV4I)
		{3F4CFB70-7F2D-414B-B754-EA0FBF06AADA}.Debug|STANDARDSDK_500 (ARMV4I).Build.0 = Debug|STANDARDSDK_500 (ARMV4I)
		{3F4CFB70-7F2D-414B-B754-EA0FBF06AADA}.Debug|STANDARDSDK_500 (ARMV4I).Deploy.0 = Debug|STANDARDSDK_500 (ARMV4I)
		{3F4CFB70-7F2D-414B-B754-EA0FBF06AADA}.Debug|STANDARDSDK_500 (MIPSII).ActiveCfg = Debug|STANDARDSDK_500 (MIPSII)
		{3F4CFB70-7F2D-414B-B754-EA0FBF06AADA}.Debug|STANDARDSDK_500 (MIPSII).Build.0 = Debug|STANDARDSDK_500 (MIPSII)
		{3F4CFB70-7F2D-414B-B754-EA0FBF06AADA}.Debug|STANDARDSDK_500 (MIPSII).Deploy.0 = Debug|STANDARDSDK_500 (MIPSII)
		{3F4CFB70-7F2D-414B-B754-EA0FBF06AADA}.Debug|STANDARDSDK_500 (x86).ActiveCfg = Debug|STANDARDSDK_500 (x86)
		{3F4CFB70-7F2D-414B-B754-EA0FBF06AADA}.Debug|STANDARDSDK_500 (x86).Build.0 = Debug|STANDARDSDK_500 (x86)
		{3F4CFB70-7F2D-414B-B754-EA0FBF06AADA}.Debug|STANDARDSDK_500 (x86).Deploy.0 = Debug|STANDARDSDK_500 (x86)
		{3F4CFB70-7F2D-414B-B754-EA0FBF06AADA}.Release|STANDARDSDK_500 (ARMV4I).ActiveCfg = Release|STANDARDSDK_500 (ARMV4I)
		{3F4CFB70-7F2D-414B-B754-EA0FBF06AADA}.Release|STANDARDSDK_500 (ARMV4I).Build.0 = Release|STANDARDSDK_500 (ARMV4I)
		{3F4CFB70-7F2D-414B-B754-EA0FBF06AADA}.Release|STANDARDSDK_500 (ARMV4I).Deploy.0 = Release|STANDARDSDK_500 (ARMV4I)
		{3F4CFB70-7F2D-414B-B754-EA0FBF06AADA}.Release|STANDARDSDK_500 (MIPSII).ActiveCfg = Release|STANDARDSDK_500 (MIPSII)
		{3F4CFB70-7F2D-414B-B754-EA0FBF06AADA}.Release|STANDARDSDK_500 (MIPSII).Build.0 = Release|STANDARDSDK_500 (MIPSII)
		{3F4CFB70-7F2D-414B-B754-EA0FBF06AADA}.Release|STANDARDSDK_500 (MIPSII).Deploy.0 = Release|STANDARDSDK_500 (MIPSII)
		{3F4CFB70-7F2D-414B-B754-EA0FBF06AADA}.Release|STANDARDSDK_500 (x86).ActiveCfg = Release|STANDARDSDK_500 (x86)
		{3F4CFB70-7F2D-414B-B754-EA0FBF06AADA}.Release|STANDARDSDK_500 (x86).Build.0 = Release|STANDARDSDK_500 (x86)
		{3F4CFB70-7F2D-414B-B754-EA0FBF06AADA}.Release|STANDARDSDK_500 (x86).Deploy.0 = Release|STANDARDSDK_500 (x86)
		{6216CE44-9471-4B7F-AF69-ED9325B3D463}.Debug|STANDARDSDK_500 (ARMV4I).ActiveCfg = Debug|STANDARDSDK_500 (ARMV4I)
		{6216CE44-9471-4B7F-AF69-ED9325B3D463}.Debug|STANDARDSDK_500 (ARMV4I).Build.0 = Debug|STANDARDSDK_500 (ARMV4I)
		{6216CE44-9471-4B7F-AF69-ED9325B3D463}.Debug|STANDARDSDK_500 (ARMV4I).Deploy.0 = Debug|STANDARDSDK_500 (ARMV4I)
		{6216CE44-9471-4B7F-AF69-ED9325B3D463}.Debug|STANDARDSDK_500 (MIPSII).ActiveCfg = Debug|STANDARDSDK_500 (MIPSII)
		{6216CE44-9471-4B7F-AF69-ED9325B3D463}.Debug|STANDARDSDK_500 (MIPSII).Build.0 = Debug|STANDARDSDK_500 (MIPSII)
		{6216CE44-9471-4B7F-AF69-ED9325B3D463}.Debug|STANDARDSDK_500 (MIPSII).Deploy.0 = Debug|STANDARDSDK_500 (MIPSII)
		{6216CE44-9471-4B7F-AF69-ED9325B3D463}.Debug|STANDARDSDK_500 (x86).ActiveCfg = Debug|STANDARDSDK_500 (x86)
		{6216CE44-9471-4B7F-AF69-ED9325B3D463}.Debug|STANDARDSDK_500 (x86).Build.0 = Debug|STANDARDSDK_500 (x86)
		{6216CE44-9471-4B7F-AF69-ED9325B3D463}.Debug|STANDARDSDK_500 (x86).Deploy.0 = Debug|STANDARDSDK_500 (x86)
		{6216CE44-9471-4B7F-AF69-ED9325B3D463}.Release|STANDARDSDK_500 (ARMV4I).ActiveCfg = Release|STANDARDSDK_500 (ARMV4I)
		{6216CE44-9471-4B7F-AF69-ED9325B3D463}.Release|STANDARDSDK_500 (ARMV4I).Build.0 = Release|STANDARDSDK_500 (ARMV4I)
		{6216CE44-9471-4B7F-AF69-ED9325B3D463}.Release|STANDARDSDK_500 (ARMV4I).Deploy.0 = Release|STANDARDSDK_500 (ARMV4I)
		{6216CE44-9471-4B7F-AF69-ED9325B3D463}.Release|STANDARDSDK_500 (MIPSII).ActiveCfg = Release|STANDARDSDK_500 (MIPSII)
		{6216CE44-9471-4B7F-AF69-ED9325B3D463}.Release|STANDARDSDK_500 (MIPSII).Build.0 = Release|STANDARDSDK_500 (MIPSII)
		{6216CE44-9471-4B7F-AF69-ED9325B3D463}.Release|STANDARDSDK_500 (MIPSII).Deploy.0 = Release|STANDARDSDK_500 (MIPSII)
		{6216CE44-9471-4B7F-AF69-ED9325B3D463}.Release|STANDARDSDK_500 (x86).ActiveCfg = Release|STANDARDSDK_500 (x86)
		{6216CE44-9471-4B7F-AF69-ED9325B3D463}.Release|STANDARDSDK_500 (x86).Build.0 = Release|STANDARDSDK_500 (x86)
		{6216CE44-9471-4B7F-AF69-ED9325B3D463}.Release|STANDARDSDK_500 (x86).Deploy.0 = Release|STANDARDSDK_500 (x86)
		{C962CEE5-C3A4-4DCF-9C0F-5FE27EEDF248}.Debug|STANDARDSDK_500 (ARMV4I).ActiveCfg = Debug|STANDARDSDK_500 (ARMV4I)
		{C962CEE5-C3A4-4DCF-9C0F-5FE27EEDF248}.Debug|STANDARDSDK_500 (ARMV4I).Build.0 = Debug|STANDARDSDK_500 (ARMV4I)
		{C962CEE5-C3A4-4DCF-9C0F-5FE27EEDF248}.Debug|STANDARDSDK_500 (ARMV4I).Deploy.0 = Debug|STANDARDSDK_500 (ARMV4I)
		{C962CEE5-C3A4-4DCF-9C0F-5FE27EEDF248}.Debug|STANDARDSDK_500 (MIPSII).ActiveCfg = Debug|STANDARDSDK_500 (MIPSII)
		{C962CEE5-C3A4-4DCF-9C0F-5FE27EEDF248}.Debug|STANDARDSDK_500 (MIPSII).Build.0 = Debug|STANDARDSDK_500 (MIPSII)
		{C962CEE5-C3A4-4DCF-9C0F-5FE27EEDF248}.Debug|STANDARDSDK_500 (MIPSII).Deploy.0 = Debug|STANDARDSDK_500 (MIPSII)
		{C962CEE5-C3A4-4DCF-9C0F-5FE27EEDF248}.Debug|STANDARDSDK_500 (x86).ActiveCfg = Debug|STANDARDSDK_500 (x86)
		{C962CEE5-C3A4-4DCF-9C0F-5FE27EEDF248}.Debug|STANDARDSDK_500 (x86).Build.0 = Debug|STANDARDSDK_500 (x86)
		{C962CEE5-C3A4-4DCF-9C0F-5FE27EEDF248}.Debug|STANDARDSDK_500 (x86).Deploy.0 = Debug|STANDARDSDK_500 (x86)
		{C962CEE5-C3A4-4DCF-9C0F-5FE27EEDF248}.Release|STANDARDSDK_500 (ARMV4I).ActiveCfg = Release|STANDARDSDK_500 (ARMV4I)
		{C962CEE5-C3A4-4DCF-9C0F-5FE27EEDF248}.Release|STANDARDSDK_500 (ARMV4I).Build.0 = Release|STANDARDSDK_500 (ARMV4I)
		{C962CEE5-C3A4-4DCF-9C0F-5FE27EEDF248}.Release|STANDARDSDK_500 (ARMV4I).Deploy.0 = Release|STANDARDSDK_500 (ARMV4I)
		{C962CEE5-C3A4-4DCF-9C0F-5FE27EEDF248}.Release|STANDARDSDK_500 (MIPSII).ActiveCfg = Release|STANDARDSDK_500 (MIPSII)
		{C962CEE5-C3A4-4DCF-9C0F-5FE27EEDF248}.Release|STANDARDSDK_500 (MIPSII).Build.0 = Release|STANDARDSDK_500 (MIPSII)
		{C962CEE5-C3A4-4DCF-9C0F-5FE27EEDF248}.Release|STANDARDSDK_500 (MIPSII).Deploy.0 = Release|STANDARDSDK_500 (MIPSII)
		{C962CEE5-C3A4-4DCF-9C0F-5FE27EEDF248}.Release|STANDARDSDK_500 (x86).ActiveCfg = Release|STANDARDSDK_500 (x86)
		{C962CEE5-C3A4-4DCF-9C0F-5FE27EEDF248}.Release|STANDARDSDK_500 (x86).Build.0 = Release|STANDARDSDK_500 (x86)
		{C962CEE5-C3A4-4DCF-9C0F-5FE27EEDF248}.Release|STANDARDSDK_500 (x86).Deploy.0 = Release|STANDARDSDK_500 (x86)
		{D10C9866-AE09-466B-9B6B-9C1F6617B478}.Debug|STANDARDSDK_500 (ARMV4I).ActiveCfg = Debug|STANDARDSDK_500 (ARMV4I)
		{D10C9866-AE09-466B-9B6B-9C1F6617B478}.Debug|STANDARDSDK_500 (ARMV4I).Build.0 = Debug|STANDARDSDK_500 (ARMV4I)
		{D10C9866-AE09-466B-9B6B-9C1F6617B478}.Debug|STANDARDSDK_500 (ARMV4I).Deploy.0 = Debug|STANDARDSDK_500 (ARMV4I)
		{D10C9866-AE09-466B-9B6B-9C1F6617B478}.Debug|STANDARDSDK_500 (MIPSII).ActiveCfg = Debug|STANDARDSDK_500 (MIPSII)
		{D10C9866-AE09-466B-9B6B-9C1F6617B478}.Debug|STANDARDSDK_500 (MIPSII).Build.0 = Debug|STANDARDSDK_500 (MIPSII)
		{D10C9866-AE09-466B-9B6B-9C1F6617B478}.Debug|STANDARDSDK_500 (MIPSII).Deploy.0 = Debug|STANDARDSDK_500 (MIPSII)
		{D10C9866-AE09-466B-9B6B-9C1F6617B478}.Debug|STANDARDSDK_500 (x86).ActiveCfg = Debug|STANDARDSDK_500 (x86)
		{D10C9866-AE09-466B-9B6B-9C1F6617B478}.Debug|STANDARDSDK_500 (x86).Build.0 = Debug|STANDARDSDK_500 (x86)
		{D10C9866-AE09-466B-9B6B-9C1F6617B478}.Debug|STANDARDSDK_500 (x86).Deploy.0 = Debug|STANDARDSDK_500 (x86)
		{D10C9866-AE09-466B-9B6B-9C1F6617B478}.Release|STANDARDSDK_500 (ARMV4I).ActiveCfg = Release|STANDARDSDK_500 (ARMV4I)
		{D10C9866-AE09-466B-9B6B-9C1F6617B478}.Release|STANDARDSDK_500 (ARMV4I).Build.0 = Release|STANDARDSDK_500 (ARMV4I)
		{D10C9866-AE09-466B-9B6B-9C1F6617B478}.Release|STANDARDSDK_500 (ARMV4I).Deploy.0 = Release|STANDARDSDK_500 (ARMV4I)
		{D10C9866-AE09-466B-9B6B-9C1F6617B478}.Release|STANDARDSDK_500 (MIPSII).ActiveCfg = Release|STANDARDSDK_500 (MIPSII)
		{D10C9866-AE09-466B-9B6B-9C1F6617B478}.Release|STANDARDSDK_500 (MIPSII).Build.0 = Release|STANDARDSDK_500 (MIPSII)
		{D10C9866-AE09-466B-9B6B-9C1F6617B478}.Release|STANDARDSDK_500 (MIPSII).Deploy.0 = Release|STANDARDSDK_500 (MIPSII)
		{D10C9866-AE09-466B-9B6B-9C1F6617B478}.Release|STANDARDSDK_500 (x86).ActiveCfg = Release|STANDARDSDK_500 (x86)
		{D10C9866-AE09-466B-9B6B-9C1F6617B478}.Release|STANDARDSDK_500 (x86).Build.0 = Release|STANDARDSDK_500 (x86)
		{D10C9866-AE09-466B-9B6B-9C1F6617B478}.Release|STANDARDSDK_500 (x86).Deploy.0 = Release|STANDARDSDK_500 (x86)
		{9DA27E7B-6DE1-4DEC-9EFA-0540DD3AA111}.Debug|STANDARDSDK_500 (ARMV4I).ActiveCfg = Debug|STANDARDSDK_500 (ARMV4I)
		{9DA27E7B-6DE1-4DEC-9EFA-0540DD3AA111}.Debug|STANDARDSDK_500 (ARMV4I).Build.0 = Debug|STANDARDSDK_500 (ARMV4I)
		{9DA27E7B-6DE1-4DEC-9EFA-0540DD3AA111}.Debug|STANDARDSDK_500 (ARMV4I).Deploy.0 = Debug|STANDARDSDK_500 (ARMV4I)
		{9DA27E7B-6DE1-4DEC-9EFA-0540DD3AA111}.Debug|STANDARDSDK_500 (MIPSII).ActiveCfg = Debug|STANDARDSDK_500 (MIPSII)
		{9DA27E7B-6DE1-4DEC-9EFA-0540DD3AA111}.Debug|STANDARDSDK_500 (MIPSII).Build.0 = Debug|STANDARDSDK_500 (MIPSII)
		{9DA27E7B-6DE1-4DEC-9EFA-0540DD3AA111}.Debug|STANDARDSDK_500 (MIPSII).Deploy.0 = Debug|STANDARDSDK_500 (MIPSII)
		{9DA27E7B-6DE1-4DEC-9EFA-0540DD3AA111}.Debug|STANDARDSDK_500 (x86).ActiveCfg = Debug|STANDARDSDK_500 (x86)
		{9DA27E7B-6DE1-4DEC-9EFA-0540DD3AA111}.Debug|STANDARDSDK_500 (x86).Build.0 = Debug|STANDARDSDK_500 (x86)
		{9DA27E7B-6DE1-4DEC-9EFA-0540DD3AA111}.Debug|STANDARDSDK_500 (x86).Deploy.0 = Debug|STANDARDSDK_500 (x86)
		{9DA27E7B-6DE1-4DEC-9EFA-0540DD3AA111}.Release|STANDARDSDK_500 (ARMV4I).ActiveCfg = Release|STANDARDSDK_500 (ARMV4I)
		{9DA27E7B-6DE1-4DEC-9EFA-0540DD3AA111}.Release|STANDARDSDK_500 (ARMV4I).Build.0 = Release|STANDARDSDK_500 (ARMV4I)
		{9DA27E7B-6DE1-4DEC-9EFA-0540DD3AA111}.Release|STANDARDSDK_500 (ARMV4I).Deploy.0 = Release|STANDARDSDK_500 (ARMV4I)
		{9DA27E7B-6DE1-4DEC-9EFA-0540DD3AA111}.Release|STANDARDSDK_500 (MIPSII).ActiveCfg = Release|STANDARDSDK_500 (MIPSII)
		{9DA27E7B-6DE1-4DEC-9EFA-0540DD3AA111}.Release|STANDARDSDK_500 (MIPSII).Build.0 = Release|STANDARDSDK_500 (MIPSII)
		{9DA27E7B-6DE1-4DEC-9EFA-0540DD3AA111}.Release|STANDARDSDK_500 (MIPSII).Deploy.0 = Release|STANDARDSDK_500 (MIPSII)
		{9DA27E7B-6DE1-4DEC-9EFA-0540DD3AA111}.Release|STANDARDSDK_500 (x86).ActiveCfg = Release|STANDARDSDK_500 (x86)
		{9DA27E7B-6DE1-4DEC-9EFA-0540DD3AA111}.Release|STANDARDSDK_500 (x86).Build.0 = Release|STANDARDSDK_500 (x86)
		{9DA27E7B-6DE1-4DEC-9EFA-0540DD3AA111}.Release|STANDARDSDK_500 (x86).Deploy.0 = Release|STANDARDSDK_500 (x86)
		{85445E38-AD63-4F6C-BBAF-ABD377C64A70}.Debug|STANDARDSDK_500 (ARMV4I).ActiveCfg = Debug|STANDARDSDK_500 (ARMV4I)
		{85445E38-AD63-4F6C-BBAF-ABD377C64A70}.Debug|STANDARDSDK_500 (ARMV4I).Build.0 = Debug|STANDARDSDK_500 (ARMV4I)
		{85445E38-AD63-4F6C-BBAF-ABD377C64A70}.Debug|STANDARDSDK_500 (ARMV4I).Deploy.0 = Debug|STANDARDSDK_500 (ARMV4I)
		{85445E38-AD63-4F6C-BBAF-ABD377C64A70}.Debug|STANDARDSDK_500 (MIPSII).ActiveCfg = Debug|STANDARDSDK_500 (MIPSII)
		{85445E38-AD63-4F6C-BBAF-ABD377C64A70}.Debug|STANDARDSDK_500 (MIPSII).Build.0 = Debug|STANDARDSDK_500 (MIPSII)
		{85445E38-AD63-4F6C-BBAF-ABD377C64A70}.Debug|STANDARDSDK_500 (MIPSII).Deploy.0 = Debug|STANDARDSDK_500 (MIPSII)
		{85445E38-AD63-4F6C-BBAF-ABD377C64A70}.Debug|STANDARDSDK_500 (x86).ActiveCfg = Debug|STANDARDSDK_500 (x86)
		{85445E38-AD63-4F6C-BBAF-ABD377C64A70}.Debug|STANDARDSDK_500 (x86).Build.0 = Debug|STANDARDSDK_500 (x86)
		{85445E38-AD63-4F6C-BBAF-ABD377C64A70}.Debug|STANDARDSDK_500 (x86).Deploy.0 = Debug|STANDARDSDK_500 (x86)
		{85445E38-AD63-4F6C-BBAF-ABD377C64A70}.Release|STANDARDSDK_500 (ARMV4I).ActiveCfg = Release|STANDARDSDK_500 (ARMV4I)
		{85445E38-AD63-4F6C-BBAF-ABD377C64A70}.Release|STANDARDSDK_500 (ARMV4I).Build.0 = Release|STANDARDSDK_500 (ARMV4I)
		{85445E38-AD63-4F6C-BBAF-ABD377C64A70}.Release|STANDARDSDK_500 (ARMV4I).Deploy.0 = Release|STANDARDSDK_500 (ARMV4I)
		{85445E38-AD63-4F6C-BBAF-ABD377C64A70}.Release|STANDARDSDK_500 (MIPSII).ActiveCfg = Release|STANDARDSDK_500 (MIPSII)
		{85445E38-AD63-4F6C-BBAF-ABD377C64A70}.Release|STANDARDSDK_500 (MIPSII).Build.0 = Release|STANDARDSDK_500 (MIPSII)
		{85445E38-AD63-4F6C-BBAF-ABD377C64A70}.Release|STANDARDSDK_500 (MIPSII).Deploy.0 = Release|STANDARDSDK_500 (MIPSII)
		{85445E38-AD63-4F6C-BBAF-ABD377C64A70}.Release|STANDARDSDK_500 (x86).ActiveCfg = Release|STANDARDSDK_500 (x86)
		{85445E38-AD63-4F6C-BBAF-ABD377C64A70}.Release|STANDARDSDK_500 (x86).Build.0 = Release|STANDARDSDK_500 (x86)
		{85445E38-AD63-4F6C-BBAF-ABD377C64A70}.Release|STANDARDSDK_500 (x86).Deploy.0 = Release|STANDARDSDK_500 (x86)
		{2F058598-5F58-4719-AEC0-1C9C62CB1BE7}.Debug|STANDARDSDK_500 (ARMV4I).ActiveCfg = Debug|STANDARDSDK_500 (ARMV4I)
		{2F058598-5F58-4719-AEC0-1C9C62CB1BE7}.Debug|STANDARDSDK_500 (ARMV4I).Build.0 = Debug|STANDARDSDK_500 (ARMV4I)
		{2F058598-5F58-4719-AEC0-1C9C62CB1BE7}.Debug|STANDARDSDK_500 (ARMV4I).Deploy.0 = Debug|STANDARDSDK_500 (ARMV4I)
		{2F058598-5F58-4719-AEC0-1C9C62CB1BE7}.Debug|STANDARDSDK_500 (MIPSII).ActiveCfg = Debug|STANDARDSDK_500 (MIPSII)
		{2F058598-5F58-4719-AEC0-1C9C62CB1BE7}.Debug|STANDARDSDK_500 (MIPSII).Build.0 = Debug|STANDARDSDK_500 (MIPSII)
		{2F058598-5F58-4719-AEC0-1C9C62CB1BE7}.Debug|STANDARDSDK_500 (MIPSII).Deploy.0 = Debug|STANDARDSDK_500 (MIPSII)
		{2F058598-5F58-4719-AEC0-1C9C62CB1BE7}.Debug|STANDARDSDK_500 (x86).ActiveCfg = Debug|STANDARDSDK_500 (x86)
		{2F058598-5F58-4719-AEC0-1C9C62CB1BE7}.Debug|STANDARDSDK_500 (x86).Build.0 = Debug|STANDARDSDK_500 (x86)
		{2F058598-5F58-4719-AEC0-1C9C62CB1BE7}.Debug|STANDARDSDK_500 (x86).Deploy.0 = Debug|STANDARDSDK_500 (x86)
		{2F058598-5F58-4719-AEC0-1C9C62CB1BE7}.Release|STANDARDSDK_500 (ARMV4I).ActiveCfg = Release|STANDARDSDK_500 (ARMV4I)
		{2F058598-5F58-4719-AEC0-1C9C62CB1BE7}.Release|STANDARDSDK_500 (ARMV4I).Build.0 = Release|STANDARDSDK_500 (ARMV4I)
		{2F058598-5F58-4719-AEC0-1C9C62CB1BE7}.Release|STANDARDSDK_500 (ARMV4I).Deploy.0 = Release|STANDARDSDK_500 (ARMV4I)
		{2F058598-5F58-4719-AEC0-1C9C62CB1BE7}.Release|STANDARDSDK_500 (MIPSII).ActiveCfg = Release|STANDARDSDK_500 (MIPSII)
		{2F058598-5F58-4719-AEC0-1C9C62CB1BE7}.Release|STANDARDSDK_500 (MIPSII).Build.0 = Release|STANDARDSDK_500 (MIPSII)
		{2F058598-5F58-4719-AEC0-1C9C62CB1BE7}.Release|STANDARDSDK_500 (MIPSII).Deploy.0 = Release|STANDARDSDK_500 (MIPSII)
		{2F058598-5F58-4719-AEC0-1C9C62CB1BE7}.Release|STANDARDSDK_500 (x86).ActiveCfg = Release|STANDARDSDK_500 (x86)
		{2F058598-5F58-4719-AEC0-1C9C62CB1BE7}.Release|STANDARDSDK_500 (x86).Build.0 = Release|STANDARDSDK_500 (x86)
		{2F058598-5F58-4719-AEC0-1C9C62CB1BE7}.Release|STANDARDSDK_500 (x86).Deploy.0 = Release|STANDARDSDK_500 (x86)
		{9121335B-98BB-441E-8043-F97CB5BF254F}.Debug|STANDARDSDK_500 (ARMV4I).ActiveCfg = Debug|STANDARDSDK_500 (ARMV4I)
		{9121335B-98BB-441E-8043-F97CB5BF254F}.Debug|STANDARDSDK_500 (ARMV4I).Build.0 = Debug|STANDARDSDK_500 (ARMV4I)
		{9121335B-98BB-441E-8043-F97CB5BF254F}.Debug|STANDARDSDK_500 (ARMV4I).Deploy.0 = Debug|STANDARDSDK_500 (ARMV4I)
		{9121335B-98BB-441E-8043-F97CB5BF254F}.Debug|STANDARDSDK_500 (MIPSII).ActiveCfg = Debug|STANDARDSDK_500 (MIPSII)
		{9121335B-98BB-441E-8043-F97CB5BF254F}.Debug|STANDARDSDK_500 (MIPSII).Build.0 = Debug|STANDARDSDK_500 (MIPSII)
		{9121335B-98BB-441E-8043-F97CB5BF254F}.Debug|STANDARDSDK_500 (MIPSII).Deploy.0 = Debug|STANDARDSDK_500 (MIPSII)
		{9121335B-98BB-441E-8043-F97CB5BF254F}.Debug|STANDARDSDK_500 (x86).ActiveCfg = Debug|STANDARDSDK_500 (x86)
		{9121335B-98BB-441E-8043-F97CB5BF254F}.Debug|STANDARDSDK_500 (x86).Build.0 = Debug|STANDARDSDK_500 (x86)
		{9121335B-98BB-441E-8043-F97CB5BF254F}.Debug|STANDARDSDK_500 (x86).Deploy.0 = Debug|STANDARDSDK_500 (x86)
		{9121335B-98BB-441E-8043-F97CB5BF254F}.Release|STANDARDSDK_500 (ARMV4I).ActiveCfg = Release|STANDARDSDK_500 (ARMV4I)
		{9121335B-98BB-441E-8043-F97CB5BF254F}.Release|STANDARDSDK_500 (ARMV4I).Build.0 = Release|STANDARDSDK_500 (ARMV4I)
		{9121335B-98BB-441E-8043-F97CB5BF254F}.Release|STANDARDSDK_500 (ARMV4I).Deploy.0 = Release|STANDARDSDK_500 (ARMV4I)
		{9121335B-98BB-441E-8043-F97CB5BF254F}.Release|STANDARDSDK_500 (MIPSII).ActiveCfg = Release|STANDARDSDK_500 (MIPSII)
		{9121335B-98BB-441E-8043-F97CB5BF254F}.Release|STANDARDSDK_500 (MIPSII).Build.0 = Release|STANDARDSDK_500 (MIPSII)
		{9121335B-98BB-441E-8043-F97CB5BF254F}.Release|STANDARDSDK_500 (MIPSII).Deploy.0 = Release|STANDARDSDK_500 (MIPSII)
		{9121335B-98BB-441E-8043-F97CB5BF254F}.Release|STANDARDSDK_500 (x86).ActiveCfg = Release|STANDARDSDK_500 (x86)
		{9121335B-98BB-441E-8043-F97CB5BF254F}.Release|STANDARDSDK_500 (x86).Build.0 = Release|STANDARDSDK_500 (x86)
		{9121335B-98BB-441E-8043-F97CB5BF254F}.Release|STANDARDSDK_500 (x86).Deploy.0 = Release|STANDARDSDK_500 (x86)
		{80374606-8C4D-4017-9124-89D2B5CCC277}.Debug|STANDARDSDK_500 (ARMV4I).ActiveCfg = Debug|STANDARDSDK_500 (ARMV4I)
		{80374606-8C4D-4017-9124-89D2B5CCC277}.Debug|STANDARDSDK_500 (ARMV4I).Build.0 = Debug|STANDARDSDK_500 (ARMV4I)
		{80374606-8C4D-4017-9124-89D2B5CCC277}.Debug|STANDARDSDK_500 (ARMV4I).Deploy.0 = Debug|STANDARDSDK_500 (ARMV4I)
		{80374606-8C4D-4017-9124-89D2B5CCC277}.Debug|STANDARDSDK_500 (MIPSII).ActiveCfg = Debug|STANDARDSDK_500 (MIPSII)
		{80374606-8C4D-4017-9124-89D2B5CCC277}.Debug|STANDARDSDK_500 (MIPSII).Build.0 = Debug|STANDARDSDK_500 (MIPSII)
		{80374606-8C4D-4017-9124-89D2B5CCC277}.Debug|STANDARDSDK_500 (MIPSII).Deploy.0 = Debug|STANDARDSDK_500 (MIPSII)
		{80374606-8C4D-4017-9124-89D2B5CCC277}.Debug|STANDARDSDK_500 (x86).ActiveCfg = Debug|STANDARDSDK_500 (x86)
		{80374606-8C4D-4017-9124-89D2B5CCC277}.Debug|STANDARDSDK_500 (x86).Build.0 = Debug|STANDARDSDK_500 (x86)
		{80374606-8C4D-4017-9124-89D2B5CCC277}.Debug|STANDARDSDK_500 (x86).Deploy.0 = Debug|STANDARDSDK_500 (x86)
		{80374606-8C4D-4017-9124-89D2B5CCC277}.Release|STANDARDSDK_500 (ARMV4I).ActiveCfg = Release|STANDARDSDK_500 (ARMV4I)
		{80374606-8C4D-4017-9124-89D2B5CCC277}.Release|STANDARDSDK_500 (ARMV4I).Build.0 = Release|STANDARDSDK_500 (ARMV4I)
		{80374606-8C4D-4017-9124-89D2B5CCC277}.Release|STANDARDSDK_500 (ARMV4I).Deploy.0 = Release|STANDARDSDK_500 (ARMV4I)
		{80374606-8C4D-4017-9124-89D2B5CCC277}.Release|STANDARDSDK_500 (MIPSII).ActiveCfg = Release|STANDARDSDK_500 (MIPSII)
		{80374606-8C4D-4017-9124-89D2B5CCC277}.Release|STANDARDSDK_500 (MIPSII).Build.0 = Release|STANDARDSDK_500 (MIPSII)
		{80374606-8C4D-4017-9124-89D2B5CCC277}.Release|STANDARDSDK_500 (MIPSII).Deploy.0 = Release|STANDARDSDK_500 (MIPSII)
		{80374606-8C4D-4017-9124-89D2B5CCC277}.Release|STANDARDSDK_500 (x86).ActiveCfg = Release|STANDARDSDK_500 (x86)
		{80374606-8C4D-4017-9124-89D2B5CCC277}.Release|STANDARDSDK_500 (x86).Build.0 = Release|STANDARDSDK_500 (x86)
		{80374606-8C4D-4017-9124-89D2B5CCC277}.Release|STANDARDSDK_500 (x86).Deploy.0 = Release|STANDARDSDK_500 (x86)
		{6B5C2686-99F6-43EC-A65C-1398721C5913}.Debug|STANDARDSDK_500 (ARMV4I).ActiveCfg = Debug|STANDARDSDK_500 (ARMV4I)
		{6B5C2686-99F6-43EC-A65C-1398721C5913}.Debug|STANDARDSDK_500 (ARMV4I).Build.0 = Debug|STANDARDSDK_500 (ARMV4I)
		{6B5C2686-99F6-43EC-A65C-1398721C5913}.Debug|STANDARDSDK_500 (ARMV4I).Deploy.0 = Debug|STANDARDSDK_500 (ARMV4I)
		{6B5C2686-99F6-43EC-A65C-1398721C5913}.Debug|STANDARDSDK_500 (MIPSII).ActiveCfg = Debug|STANDARDSDK_500 (MIPSII)
		{6B5C2686-99F6-43EC-A65C-1398721C5913}.Debug|STANDARDSDK_500 (MIPSII).Build.0 = Debug|STANDARDSDK_500 (MIPSII)
		{6B5C2686-99F6-43EC-A65C-1398721C5913}.Debug|STANDARDSDK_500 (MIPSII).Deploy.0 = Debug|STANDARDSDK_500 (MIPSII)
		{6B5C2686-99F6-43EC-A65C-1398721C5913}.Debug|STANDARDSDK_500 (x86).ActiveCfg = Debug|STANDARDSDK_500 (x86)
		{6B5C2686-99F6-43EC-A65C-1398721C5913}.Debug|STANDARDSDK_500 (x86).Build.0 = Debug|STANDARDSDK_500 (x86)
		{6B5C2686-99F6-43EC-A65C-1398721C5913}.Debug|STANDARDSDK_500 (x86).Deploy.0 = Debug|STANDARDSDK_500 (x86)
		{6B5C2686-99F6-43EC-A65C-1398721C5913}.Release|STANDARDSDK_500 (ARMV4I).ActiveCfg = Release|STANDARDSDK_500 (ARMV4I)
		{6B5C2686-99F6-43EC-A65C-1398721C5913}.Release|STANDARDSDK_500 (ARMV4I).Build.0 = Release|STANDARDSDK_500 (ARMV4I)
		{6B5C2686-99F6-43EC-A65C-1398721C5913}.Release|STANDARDSDK_500 (ARMV4I).Deploy.0 = Release|STANDARDSDK_500 (ARMV4I)
		{6B5C2686-99F6-43EC-A65C-1398721C5913}.Release|STANDARDSDK_500 (MIPSII).ActiveCfg = Release|STANDARDSDK_500 (MIPSII)
		{6B5C2686-99F6-43EC-A65C-1398721C5913}.Release|STANDARDSDK_500 (MIPSII).Build.0 = Release|STANDARDSDK_500 (MIPSII)
		{6B5C2686-99F6-43EC-A65C-1398721C5913}.Release|STANDARDSDK_500 (MIPSII).Deploy.0 = Release|STANDARDSDK_500 (MIPSII)
		{6B5C2686-99F6-43EC-A65C-1398721C5913}.Release|STANDARDSDK_500 (x86).ActiveCfg = Release|STANDARDSDK_500 (x86)
		{6B5C2686-99F6-43EC-A65C-1398721C5913}.Release|STANDARDSDK_500 (x86).Build.0 = Release|STANDARDSDK_500 (x86)
		{6B5C2686-99F6-43EC-A65C-1398721C5913}.Release|STANDARDSDK_500 (x86).Deploy.0 = Release|STANDARDSDK_500 (x86)
	EndGlobalSection
	GlobalSection(SolutionProperties) = preSolution
		HideSolutionNode = FALSE
	EndGlobalSection
EndGlobal
